github.com/gohugoio/hugo-mod-jslibs-dist/alpinejs/v3 v3.401.201 h1:rIBco2i/51nTPbi7pHUvwBwznCddMOsp/9pR2veAPx8=
github.com/gohugoio/hugo-mod-jslibs-dist/alpinejs/v3 v3.401.201/go.mod h1:WWQxcmPs5Xy3xDgi29ipkmZT6NKVb3bsqyCDTY3eYYY=
github.com/gohugoio/hugo-mod-jslibs-dist/alpinejs/v3 v3.500.100 h1:yIymGxglvwr9Guhk7cr9VoMQ3IgLLJ0E4PKcKCg+kJY=
github.com/gohugoio/hugo-mod-jslibs-dist/alpinejs/v3 v3.500.100/go.mod h1:WWQxcmPs5Xy3xDgi29ipkmZT6NKVb3bsqyCDTY3eYYY=
github.com/gohugoio/hugo-mod-jslibs-dist/alpinejs/v3 v3.21000.20200 h1:og3wJvy7wxSXWmr4gDmPb+7u70fz8v9H7kRa4S2apqM=
github.com/gohugoio/hugo-mod-jslibs-dist/alpinejs/v3 v3.21000.20200/go.mod h1:WWQxcmPs5Xy3xDgi29ipkmZT6NKVb3bsqyCDTY3eYYY=
github.com/gohugoio/hugo-mod-jslibs-dist/alpinejs/v3 v3.21000.20300 h1:NqEL3Y2QX4UYmuC0qDLR5XMpIQGHE5O4kuhG2ieYqmA=
github.com/gohugoio/hugo-mod-jslibs-dist/alpinejs/v3 v3.21000.20300/go.mod h1:WWQxcmPs5Xy3xDgi29ipkmZT6NKVb3bsqyCDTY3eYYY=
github.com/olivernn/lunr.js v2.3.9+incompatible h1:eH8iBnjlR4mwlYDdNuqy9PCNLjp2bEs6aoNnTSaccx0=
github.com/olivernn/lunr.js v2.3.9+incompatible/go.mod h1:yEkQ1DUSMtNsn8n2CqvQXZd0ErWPEG8g9QRmblR+KS8=
github.com/slatedocs/slate v2.9.2+incompatible h1:PnIMTR1S7pE6tImIjF6ny9UaRrt6fukM93lwUwJPtjw=
github.com/slatedocs/slate v2.9.2+incompatible/go.mod h1:n698aXLkExWIlF7prJey0Kq6wlKIKvj/stVb5oouZDM=
github.com/slatedocs/slate v2.13.1+incompatible h1:jjt8PlqJB0YYukqCs1xrkXabmsj3DwMVrVkpmFJuoH8=
github.com/slatedocs/slate v2.13.1+incompatible/go.mod h1:n698aXLkExWIlF7prJey0Kq6wlKIKvj/stVb5oouZDM=
