github.com/bep/empty-hugo-module v1.0.0 h1:aYc9RWea644CdYjg9zCy8nkVF4KjC3fwhUTvvcXXg8s=
github.com/bep/empty-hugo-module v1.0.0/go.mod h1:whohinbSjMoFi/Skivj9kvdPs1tEgzYpZ4rXoQk/0/I=
github.com/slatedocs/slate v2.3.1+incompatible h1:uRy5iSKUWJdeozlS9RVWbeC1ZRyySLOCn20ve6iYw6A=
github.com/slatedocs/slate v2.3.1+incompatible/go.mod h1:ujwDH+XJN1hPpN4JfN8Cp65e5jk3DGf+Jz0/nbJxoUM=
